
Microsoft Visual Studio Solution File, Format Version 12.00
# Visual Studio Version 16
VisualStudioVersion = 16.0.31515.178
MinimumVisualStudioVersion = 10.0.40219.1
Project("{FAE04EC0-301F-11D3-BF4B-00C04F79EFBC}") = "TeusControleLite", "TeusControleLite\TeusControleLite.csproj", "{51F37A7C-BE89-4C34-9A97-9D6D923711E6}"
EndProject
Global
	GlobalSection(SolutionConfigurationPlatforms) = preSolution
		Debug|Any CPU = Debug|Any CPU
		Release|Any CPU = Release|Any CPU
	EndGlobalSection
	GlobalSection(ProjectConfigurationPlatforms) = postSolution
		{51F37A7C-BE89-4C34-9A97-9D6D923711E6}.Debug|Any CPU.ActiveCfg = Debug|Any CPU
		{51F37A7C-BE89-4C34-9A97-9D6D923711E6}.Debug|Any CPU.Build.0 = Debug|Any CPU
		{51F37A7C-BE89-4C34-9A97-9D6D923711E6}.Release|Any CPU.ActiveCfg = Release|Any CPU
		{51F37A7C-BE89-4C34-9A97-9D6D923711E6}.Release|Any CPU.Build.0 = Release|Any CPU
	EndGlobalSection
	GlobalSection(SolutionProperties) = preSolution
		HideSolutionNode = FALSE
	EndGlobalSection
	GlobalSection(ExtensibilityGlobals) = postSolution
		SolutionGuid = {3F0A0AC4-C54C-41CF-A363-AC8141052D11}
	EndGlobalSection
EndGlobal
